
Microsoft Visual Studio Solution File, Format Version 12.00
# Visual Studio 15
VisualStudioVersion = 15.0.28307.271
MinimumVisualStudioVersion = 10.0.40219.1
Project("{FAE04EC0-301F-11D3-BF4B-00C04F79EFBC}") = "SampleWebApp", "SampleWebApp\SampleWebApp.csproj", "{8FE6FED3-6A26-46A9-A88A-EC71FE4DEA97}"
EndProject
Project("{FAE04EC0-301F-11D3-BF4B-00C04F79EFBC}") = "SampleWebApp.Tests", "SampleWebApp.Tests\SampleWebApp.Tests.csproj", "{A73F761D-2AB5-4357-8EE8-A015B09ED25A}"
EndProject
Global
	GlobalSection(SolutionConfigurationPlatforms) = preSolution
		Debug|Any CPU = Debug|Any CPU
		Release|Any CPU = Release|Any CPU
	EndGlobalSection
	GlobalSection(ProjectConfigurationPlatforms) = postSolution
		{8FE6FED3-6A26-46A9-A88A-EC71FE4DEA97}.Debug|Any CPU.ActiveCfg = Debug|Any CPU
		{8FE6FED3-6A26-46A9-A88A-EC71FE4DEA97}.Debug|Any CPU.Build.0 = Debug|Any CPU
		{8FE6FED3-6A26-46A9-A88A-EC71FE4DEA97}.Release|Any CPU.ActiveCfg = Release|Any CPU
		{8FE6FED3-6A26-46A9-A88A-EC71FE4DEA97}.Release|Any CPU.Build.0 = Release|Any CPU
		{A73F761D-2AB5-4357-8EE8-A015B09ED25A}.Debug|Any CPU.ActiveCfg = Debug|Any CPU
		{A73F761D-2AB5-4357-8EE8-A015B09ED25A}.Debug|Any CPU.Build.0 = Debug|Any CPU
		{A73F761D-2AB5-4357-8EE8-A015B09ED25A}.Release|Any CPU.ActiveCfg = Release|Any CPU
		{A73F761D-2AB5-4357-8EE8-A015B09ED25A}.Release|Any CPU.Build.0 = Release|Any CPU
	EndGlobalSection
	GlobalSection(SolutionProperties) = preSolution
		HideSolutionNode = FALSE
	EndGlobalSection
	GlobalSection(ExtensibilityGlobals) = postSolution
		SolutionGuid = {421CD197-A3C2-4175-8137-9E16EECC158A}
	EndGlobalSection
EndGlobal
